
Microsoft Visual Studio Solution File, Format Version 12.00
# Visual Studio 15
VisualStudioVersion = 15.0.28307.779
MinimumVisualStudioVersion = 10.0.40219.1
Project("{FAE04EC0-301F-11D3-BF4B-00C04F79EFBC}") = "WindowsFormsApp1", "WindowsFormsApp1\WindowsFormsApp1.csproj", "{67E12C2D-F1C5-4E67-9177-6017CECF4BCD}"
EndProject
Global
	GlobalSection(SolutionConfigurationPlatforms) = preSolution
		Debug|Any CPU = Debug|Any CPU
		Release|Any CPU = Release|Any CPU
	EndGlobalSection
	GlobalSection(ProjectConfigurationPlatforms) = postSolution
		{67E12C2D-F1C5-4E67-9177-6017CECF4BCD}.Debug|Any CPU.ActiveCfg = Debug|Any CPU
		{67E12C2D-F1C5-4E67-9177-6017CECF4BCD}.Debug|Any CPU.Build.0 = Debug|Any CPU
		{67E12C2D-F1C5-4E67-9177-6017CECF4BCD}.Release|Any CPU.ActiveCfg = Release|Any CPU
		{67E12C2D-F1C5-4E67-9177-6017CECF4BCD}.Release|Any CPU.Build.0 = Release|Any CPU
	EndGlobalSection
	GlobalSection(SolutionProperties) = preSolution
		HideSolutionNode = FALSE
	EndGlobalSection
	GlobalSection(ExtensibilityGlobals) = postSolution
		SolutionGuid = {EC81A393-CAD3-4D4A-8073-C945DEF6A038}
	EndGlobalSection
EndGlobal
